
Microsoft Visual Studio Solution File, Format Version 12.00
Project("{FAE04EC0-301F-11D3-BF4B-00C04F79EFBC}") = "CarRentalManagement", "src\CarRentalManagement.csproj", "{17F9BAD1-F4DB-46AD-A3EA-6AEE596F1C6F}"
EndProject
Global
	GlobalSection(SolutionConfigurationPlatforms) = preSolution
		Debug|Any CPU = Debug|Any CPU
		Release|Any CPU = Release|Any CPU
	EndGlobalSection
	GlobalSection(ProjectConfigurationPlatforms) = postSolution
		{17F9BAD1-F4DB-46AD-A3EA-6AEE596F1C6F}.Debug|Any CPU.ActiveCfg = Debug|Any CPU
		{17F9BAD1-F4DB-46AD-A3EA-6AEE596F1C6F}.Debug|Any CPU.Build.0 = Debug|Any CPU
		{17F9BAD1-F4DB-46AD-A3EA-6AEE596F1C6F}.Release|Any CPU.ActiveCfg = Release|Any CPU
		{17F9BAD1-F4DB-46AD-A3EA-6AEE596F1C6F}.Release|Any CPU.Build.0 = Release|Any CPU
	EndGlobalSection
EndGlobal
